// !$*UTF8*$!
{
	archiveVersion = 1;
	classes = {
	};
	objectVersion = 56;
	objects = {

/* Begin PBXBuildFile section */
		6B1128012F02D71400E21FC7 /* PokedexViewModelTests.swift in Sources */ = {isa = PBXBuildFile; fileRef = 6B1128002F02D71400E21FC7 /* PokedexViewModelTests.swift */; };
		6B1128052F0321A700E21FC7 /* PokemonModel.xcdatamodeld in Sources */ = {isa = PBXBuildFile; fileRef = 6B1128032F0321A700E21FC7 /* PokemonModel.xcdatamodeld */; };
		6B1128072F0321EC00E21FC7 /* PersistenceController.swift in Sources */ = {isa = PBXBuildFile; fileRef = 6B1128062F0321EC00E21FC7 /* PersistenceController.swift */; };
		6B1128092F032A8D00E21FC7 /* PokemonDetailViewModel.swift in Sources */ = {isa = PBXBuildFile; fileRef = 6B1128082F032A8D00E21FC7 /* PokemonDetailViewModel.swift */; };
		6B11280B2F032BFE00E21FC7 /* PokemonDatabaseManager.swift in Sources */ = {isa = PBXBuildFile; fileRef = 6B11280A2F032BFE00E21FC7 /* PokemonDatabaseManager.swift */; };
		6B11280E2F0368AF00E21FC7 /* PokemonDatabaseManagerTests.swift in Sources */ = {isa = PBXBuildFile; fileRef = 6B11280D2F0368AF00E21FC7 /* PokemonDatabaseManagerTests.swift */; };
		6B1128112F03FA7500E21FC7 /* PersistanceControllerMock.swift in Sources */ = {isa = PBXBuildFile; fileRef = 6B1128102F03FA7500E21FC7 /* PersistanceControllerMock.swift */; };
		6B12AE732EE8C674004121F6 /* PokemonDetailView.swift in Sources */ = {isa = PBXBuildFile; fileRef = 6B12AE722EE8C674004121F6 /* PokemonDetailView.swift */; };
		6B5351072EFF23D400CC27F4 /* StatBar.swift in Sources */ = {isa = PBXBuildFile; fileRef = 6B5351062EFF23D300CC27F4 /* StatBar.swift */; };
		6B7E80D12EE5CF21005A5925 /* PokemonDataSource.swift in Sources */ = {isa = PBXBuildFile; fileRef = 6B7E80D02EE5CF21005A5925 /* PokemonDataSource.swift */; };
		6B7E80D42EE5CFA8005A5925 /* PokemonListDTO.swift in Sources */ = {isa = PBXBuildFile; fileRef = 6B7E80D32EE5CFA8005A5925 /* PokemonListDTO.swift */; };
		6B7E80D62EE5D013005A5925 /* PokemonDTO.swift in Sources */ = {isa = PBXBuildFile; fileRef = 6B7E80D52EE5D013005A5925 /* PokemonDTO.swift */; };
		6B7E80D82EE5D10A005A5925 /* NetworkProvider.swift in Sources */ = {isa = PBXBuildFile; fileRef = 6B7E80D72EE5D10A005A5925 /* NetworkProvider.swift */; };
		6B7E80DA2EE5D261005A5925 /* NetworkingError.swift in Sources */ = {isa = PBXBuildFile; fileRef = 6B7E80D92EE5D261005A5925 /* NetworkingError.swift */; };
		6B7E80DF2EE5E2EF005A5925 /* GetPokemonListUseCase.swift in Sources */ = {isa = PBXBuildFile; fileRef = 6B7E80DE2EE5E2EF005A5925 /* GetPokemonListUseCase.swift */; };
		6B7E80E32EE5E373005A5925 /* PokemonListRepresentable.swift in Sources */ = {isa = PBXBuildFile; fileRef = 6B7E80E12EE5E373005A5925 /* PokemonListRepresentable.swift */; };
		6B7E80E42EE5E373005A5925 /* PokemonRepresentable.swift in Sources */ = {isa = PBXBuildFile; fileRef = 6B7E80E22EE5E373005A5925 /* PokemonRepresentable.swift */; };
		6B7E80E62EE5E45A005A5925 /* GetPokemonUseCase.swift in Sources */ = {isa = PBXBuildFile; fileRef = 6B7E80E52EE5E45A005A5925 /* GetPokemonUseCase.swift */; };
		6B973F992EFF589700074F87 /* PokemonStat.swift in Sources */ = {isa = PBXBuildFile; fileRef = 6B973F982EFF589700074F87 /* PokemonStat.swift */; };
		6B973F9B2EFF64A400074F87 /* ConcurrencySnapShotTests.swift in Sources */ = {isa = PBXBuildFile; fileRef = 6B973F9A2EFF64A400074F87 /* ConcurrencySnapShotTests.swift */; };
		6B973F9E2EFF65FD00074F87 /* SnapshotTesting in Frameworks */ = {isa = PBXBuildFile; productRef = 6B973F9D2EFF65FD00074F87 /* SnapshotTesting */; };
		6B973FA12EFF672E00074F87 /* PokemonRepresentableMock.swift in Sources */ = {isa = PBXBuildFile; fileRef = 6B973FA02EFF672E00074F87 /* PokemonRepresentableMock.swift */; };
		6B973FA32EFF6D7A00074F87 /* GetPokemonListUseCaseMock.swift in Sources */ = {isa = PBXBuildFile; fileRef = 6B973FA22EFF6D7A00074F87 /* GetPokemonListUseCaseMock.swift */; };
		6B973FA52EFF6DB600074F87 /* PokemonListRepresentableMock.swift in Sources */ = {isa = PBXBuildFile; fileRef = 6B973FA42EFF6DB600074F87 /* PokemonListRepresentableMock.swift */; };
		6B973FA72EFF6E7900074F87 /* GetPokemonUseCaseMock.swift in Sources */ = {isa = PBXBuildFile; fileRef = 6B973FA62EFF6E7900074F87 /* GetPokemonUseCaseMock.swift */; };
		6B973FAC2F00AD2F00074F87 /* PokemonDataSourceMock.swift in Sources */ = {isa = PBXBuildFile; fileRef = 6B973FAB2F00AD2F00074F87 /* PokemonDataSourceMock.swift */; };
		6B973FB12F00B8B300074F87 /* GetPokemonListUseCaseTests.swift in Sources */ = {isa = PBXBuildFile; fileRef = 6B973FB02F00B8B300074F87 /* GetPokemonListUseCaseTests.swift */; };
		6B973FB32F00B8FC00074F87 /* GetPokemonUseCaseTests.swift in Sources */ = {isa = PBXBuildFile; fileRef = 6B973FB22F00B8FC00074F87 /* GetPokemonUseCaseTests.swift */; };
		6BA877242EFF38B2001A82A8 /* ImageButton.swift in Sources */ = {isa = PBXBuildFile; fileRef = 6BA877232EFF38B2001A82A8 /* ImageButton.swift */; };
		6BB9FAB32EE60CC1008B7490 /* PokemonViewModel.swift in Sources */ = {isa = PBXBuildFile; fileRef = 6BB9FAB22EE60CC1008B7490 /* PokemonViewModel.swift */; };
		6BB9FAB62EE61A57008B7490 /* AppDependencies.swift in Sources */ = {isa = PBXBuildFile; fileRef = 6BB9FAB52EE61A57008B7490 /* AppDependencies.swift */; };
		6BB9FAB92EE62815008B7490 /* PokedexPokemonView.swift in Sources */ = {isa = PBXBuildFile; fileRef = 6BB9FAB82EE62815008B7490 /* PokedexPokemonView.swift */; };
		6BCB24AF2EE6567C009964EC /* PokemonType.swift in Sources */ = {isa = PBXBuildFile; fileRef = 6BCB24AE2EE6567C009964EC /* PokemonType.swift */; };
		6BCB24B22EE71292009964EC /* PokedexPokemonItem.swift in Sources */ = {isa = PBXBuildFile; fileRef = 6BCB24B12EE71292009964EC /* PokedexPokemonItem.swift */; };
		6BD625B72EE5CB58007D57E5 /* ConcurrencyPokedexApp.swift in Sources */ = {isa = PBXBuildFile; fileRef = 6BD625B62EE5CB58007D57E5 /* ConcurrencyPokedexApp.swift */; };
		6BD625B92EE5CB58007D57E5 /* PokedexView.swift in Sources */ = {isa = PBXBuildFile; fileRef = 6BD625B82EE5CB58007D57E5 /* PokedexView.swift */; };
		6BD625BB2EE5CB59007D57E5 /* Assets.xcassets in Resources */ = {isa = PBXBuildFile; fileRef = 6BD625BA2EE5CB59007D57E5 /* Assets.xcassets */; };
		6BD625BE2EE5CB59007D57E5 /* Preview Assets.xcassets in Resources */ = {isa = PBXBuildFile; fileRef = 6BD625BD2EE5CB59007D57E5 /* Preview Assets.xcassets */; };
		6BD625C82EE5CB59007D57E5 /* ConcurrencyPokedexTests.swift in Sources */ = {isa = PBXBuildFile; fileRef = 6BD625C72EE5CB59007D57E5 /* ConcurrencyPokedexTests.swift */; };
		6BD625D22EE5CB59007D57E5 /* ConcurrencyPokedexUITests.swift in Sources */ = {isa = PBXBuildFile; fileRef = 6BD625D12EE5CB59007D57E5 /* ConcurrencyPokedexUITests.swift */; };
		6BD625D42EE5CB59007D57E5 /* ConcurrencyPokedexUITestsLaunchTests.swift in Sources */ = {isa = PBXBuildFile; fileRef = 6BD625D32EE5CB59007D57E5 /* ConcurrencyPokedexUITestsLaunchTests.swift */; };
		6BD9192E2EE71BFF008E130F /* FullScreenLoadingView.swift in Sources */ = {isa = PBXBuildFile; fileRef = 6BD9192D2EE71BFF008E130F /* FullScreenLoadingView.swift */; };
		6BD919302EE7303C008E130F /* TableLoadingView.swift in Sources */ = {isa = PBXBuildFile; fileRef = 6BD9192F2EE7303C008E130F /* TableLoadingView.swift */; };
		6BD919332EE73232008E130F /* Font+Extensions.swift in Sources */ = {isa = PBXBuildFile; fileRef = 6BD919322EE73232008E130F /* Font+Extensions.swift */; };
		6BD919372EE75A78008E130F /* NavigationBar.swift in Sources */ = {isa = PBXBuildFile; fileRef = 6BD919362EE75A78008E130F /* NavigationBar.swift */; };
		6BD919392EE774A3008E130F /* NavigationBarItem.swift in Sources */ = {isa = PBXBuildFile; fileRef = 6BD919382EE774A3008E130F /* NavigationBarItem.swift */; };
		6BD9193F2EE79568008E130F /* Router.swift in Sources */ = {isa = PBXBuildFile; fileRef = 6BD9193E2EE79568008E130F /* Router.swift */; };
/* End PBXBuildFile section */

/* Begin PBXContainerItemProxy section */
		6BD625C42EE5CB59007D57E5 /* PBXContainerItemProxy */ = {
			isa = PBXContainerItemProxy;
			containerPortal = 6BD625AB2EE5CB58007D57E5 /* Project object */;
			proxyType = 1;
			remoteGlobalIDString = 6BD625B22EE5CB58007D57E5;
			remoteInfo = ConcurrencyPokedex;
		};
		6BD625CE2EE5CB59007D57E5 /* PBXContainerItemProxy */ = {
			isa = PBXContainerItemProxy;
			containerPortal = 6BD625AB2EE5CB58007D57E5 /* Project object */;
			proxyType = 1;
			remoteGlobalIDString = 6BD625B22EE5CB58007D57E5;
			remoteInfo = ConcurrencyPokedex;
		};
/* End PBXContainerItemProxy section */

/* Begin PBXFileReference section */
		6B1128002F02D71400E21FC7 /* PokedexViewModelTests.swift */ = {isa = PBXFileReference; lastKnownFileType = sourcecode.swift; path = PokedexViewModelTests.swift; sourceTree = "<group>"; };
		6B1128042F0321A700E21FC7 /* PokemonModel.xcdatamodel */ = {isa = PBXFileReference; lastKnownFileType = wrapper.xcdatamodel; path = PokemonModel.xcdatamodel; sourceTree = "<group>"; };
		6B1128062F0321EC00E21FC7 /* PersistenceController.swift */ = {isa = PBXFileReference; lastKnownFileType = sourcecode.swift; path = PersistenceController.swift; sourceTree = "<group>"; };
		6B1128082F032A8D00E21FC7 /* PokemonDetailViewModel.swift */ = {isa = PBXFileReference; lastKnownFileType = sourcecode.swift; path = PokemonDetailViewModel.swift; sourceTree = "<group>"; };
		6B11280A2F032BFE00E21FC7 /* PokemonDatabaseManager.swift */ = {isa = PBXFileReference; lastKnownFileType = sourcecode.swift; path = PokemonDatabaseManager.swift; sourceTree = "<group>"; };
		6B11280D2F0368AF00E21FC7 /* PokemonDatabaseManagerTests.swift */ = {isa = PBXFileReference; lastKnownFileType = sourcecode.swift; path = PokemonDatabaseManagerTests.swift; sourceTree = "<group>"; };
		6B1128102F03FA7500E21FC7 /* PersistanceControllerMock.swift */ = {isa = PBXFileReference; lastKnownFileType = sourcecode.swift; path = PersistanceControllerMock.swift; sourceTree = "<group>"; };
		6B12AE722EE8C674004121F6 /* PokemonDetailView.swift */ = {isa = PBXFileReference; lastKnownFileType = sourcecode.swift; path = PokemonDetailView.swift; sourceTree = "<group>"; };
		6B3DAA892F054FB900BFC036 /* ConcurrencyPokedex.entitlements */ = {isa = PBXFileReference; lastKnownFileType = text.plist.entitlements; path = ConcurrencyPokedex.entitlements; sourceTree = "<group>"; };
		6B5351062EFF23D300CC27F4 /* StatBar.swift */ = {isa = PBXFileReference; lastKnownFileType = sourcecode.swift; path = StatBar.swift; sourceTree = "<group>"; };
		6B7E80D02EE5CF21005A5925 /* PokemonDataSource.swift */ = {isa = PBXFileReference; lastKnownFileType = sourcecode.swift; path = PokemonDataSource.swift; sourceTree = "<group>"; };
		6B7E80D32EE5CFA8005A5925 /* PokemonListDTO.swift */ = {isa = PBXFileReference; lastKnownFileType = sourcecode.swift; path = PokemonListDTO.swift; sourceTree = "<group>"; };
		6B7E80D52EE5D013005A5925 /* PokemonDTO.swift */ = {isa = PBXFileReference; lastKnownFileType = sourcecode.swift; path = PokemonDTO.swift; sourceTree = "<group>"; };
		6B7E80D72EE5D10A005A5925 /* NetworkProvider.swift */ = {isa = PBXFileReference; lastKnownFileType = sourcecode.swift; path = NetworkProvider.swift; sourceTree = "<group>"; };
		6B7E80D92EE5D261005A5925 /* NetworkingError.swift */ = {isa = PBXFileReference; lastKnownFileType = sourcecode.swift; path = NetworkingError.swift; sourceTree = "<group>"; };
		6B7E80DE2EE5E2EF005A5925 /* GetPokemonListUseCase.swift */ = {isa = PBXFileReference; lastKnownFileType = sourcecode.swift; path = GetPokemonListUseCase.swift; sourceTree = "<group>"; };
		6B7E80E12EE5E373005A5925 /* PokemonListRepresentable.swift */ = {isa = PBXFileReference; fileEncoding = 4; lastKnownFileType = sourcecode.swift; path = PokemonListRepresentable.swift; sourceTree = "<group>"; };
		6B7E80E22EE5E373005A5925 /* PokemonRepresentable.swift */ = {isa = PBXFileReference; fileEncoding = 4; lastKnownFileType = sourcecode.swift; path = PokemonRepresentable.swift; sourceTree = "<group>"; };
		6B7E80E52EE5E45A005A5925 /* GetPokemonUseCase.swift */ = {isa = PBXFileReference; lastKnownFileType = sourcecode.swift; path = GetPokemonUseCase.swift; sourceTree = "<group>"; };
		6B973F982EFF589700074F87 /* PokemonStat.swift */ = {isa = PBXFileReference; lastKnownFileType = sourcecode.swift; path = PokemonStat.swift; sourceTree = "<group>"; };
		6B973F9A2EFF64A400074F87 /* ConcurrencySnapShotTests.swift */ = {isa = PBXFileReference; lastKnownFileType = sourcecode.swift; path = ConcurrencySnapShotTests.swift; sourceTree = "<group>"; };
		6B973FA02EFF672E00074F87 /* PokemonRepresentableMock.swift */ = {isa = PBXFileReference; lastKnownFileType = sourcecode.swift; path = PokemonRepresentableMock.swift; sourceTree = "<group>"; };
		6B973FA22EFF6D7A00074F87 /* GetPokemonListUseCaseMock.swift */ = {isa = PBXFileReference; lastKnownFileType = sourcecode.swift; path = GetPokemonListUseCaseMock.swift; sourceTree = "<group>"; };
		6B973FA42EFF6DB600074F87 /* PokemonListRepresentableMock.swift */ = {isa = PBXFileReference; lastKnownFileType = sourcecode.swift; path = PokemonListRepresentableMock.swift; sourceTree = "<group>"; };
		6B973FA62EFF6E7900074F87 /* GetPokemonUseCaseMock.swift */ = {isa = PBXFileReference; lastKnownFileType = sourcecode.swift; path = GetPokemonUseCaseMock.swift; sourceTree = "<group>"; };
		6B973FAB2F00AD2F00074F87 /* PokemonDataSourceMock.swift */ = {isa = PBXFileReference; lastKnownFileType = sourcecode.swift; path = PokemonDataSourceMock.swift; sourceTree = "<group>"; };
		6B973FB02F00B8B300074F87 /* GetPokemonListUseCaseTests.swift */ = {isa = PBXFileReference; lastKnownFileType = sourcecode.swift; path = GetPokemonListUseCaseTests.swift; sourceTree = "<group>"; };
		6B973FB22F00B8FC00074F87 /* GetPokemonUseCaseTests.swift */ = {isa = PBXFileReference; lastKnownFileType = sourcecode.swift; path = GetPokemonUseCaseTests.swift; sourceTree = "<group>"; };
		6BA877232EFF38B2001A82A8 /* ImageButton.swift */ = {isa = PBXFileReference; lastKnownFileType = sourcecode.swift; path = ImageButton.swift; sourceTree = "<group>"; };
		6BB9FAB22EE60CC1008B7490 /* PokemonViewModel.swift */ = {isa = PBXFileReference; lastKnownFileType = sourcecode.swift; path = PokemonViewModel.swift; sourceTree = "<group>"; };
		6BB9FAB52EE61A57008B7490 /* AppDependencies.swift */ = {isa = PBXFileReference; lastKnownFileType = sourcecode.swift; path = AppDependencies.swift; sourceTree = "<group>"; };
		6BB9FAB82EE62815008B7490 /* PokedexPokemonView.swift */ = {isa = PBXFileReference; lastKnownFileType = sourcecode.swift; path = PokedexPokemonView.swift; sourceTree = "<group>"; };
		6BCB24AE2EE6567C009964EC /* PokemonType.swift */ = {isa = PBXFileReference; lastKnownFileType = sourcecode.swift; path = PokemonType.swift; sourceTree = "<group>"; };
		6BCB24B12EE71292009964EC /* PokedexPokemonItem.swift */ = {isa = PBXFileReference; lastKnownFileType = sourcecode.swift; path = PokedexPokemonItem.swift; sourceTree = "<group>"; };
		6BD625B32EE5CB58007D57E5 /* ConcurrencyPokedex.app */ = {isa = PBXFileReference; explicitFileType = wrapper.application; includeInIndex = 0; path = ConcurrencyPokedex.app; sourceTree = BUILT_PRODUCTS_DIR; };
		6BD625B62EE5CB58007D57E5 /* ConcurrencyPokedexApp.swift */ = {isa = PBXFileReference; lastKnownFileType = sourcecode.swift; path = ConcurrencyPokedexApp.swift; sourceTree = "<group>"; };
		6BD625B82EE5CB58007D57E5 /* PokedexView.swift */ = {isa = PBXFileReference; lastKnownFileType = sourcecode.swift; path = PokedexView.swift; sourceTree = "<group>"; };
		6BD625BA2EE5CB59007D57E5 /* Assets.xcassets */ = {isa = PBXFileReference; lastKnownFileType = folder.assetcatalog; path = Assets.xcassets; sourceTree = "<group>"; };
		6BD625BD2EE5CB59007D57E5 /* Preview Assets.xcassets */ = {isa = PBXFileReference; lastKnownFileType = folder.assetcatalog; path = "Preview Assets.xcassets"; sourceTree = "<group>"; };
		6BD625C32EE5CB59007D57E5 /* ConcurrencyPokedexTests.xctest */ = {isa = PBXFileReference; explicitFileType = wrapper.cfbundle; includeInIndex = 0; path = ConcurrencyPokedexTests.xctest; sourceTree = BUILT_PRODUCTS_DIR; };
		6BD625C72EE5CB59007D57E5 /* ConcurrencyPokedexTests.swift */ = {isa = PBXFileReference; lastKnownFileType = sourcecode.swift; path = ConcurrencyPokedexTests.swift; sourceTree = "<group>"; };
		6BD625CD2EE5CB59007D57E5 /* ConcurrencyPokedexUITests.xctest */ = {isa = PBXFileReference; explicitFileType = wrapper.cfbundle; includeInIndex = 0; path = ConcurrencyPokedexUITests.xctest; sourceTree = BUILT_PRODUCTS_DIR; };
		6BD625D12EE5CB59007D57E5 /* ConcurrencyPokedexUITests.swift */ = {isa = PBXFileReference; lastKnownFileType = sourcecode.swift; path = ConcurrencyPokedexUITests.swift; sourceTree = "<group>"; };
		6BD625D32EE5CB59007D57E5 /* ConcurrencyPokedexUITestsLaunchTests.swift */ = {isa = PBXFileReference; lastKnownFileType = sourcecode.swift; path = ConcurrencyPokedexUITestsLaunchTests.swift; sourceTree = "<group>"; };
		6BD9192D2EE71BFF008E130F /* FullScreenLoadingView.swift */ = {isa = PBXFileReference; lastKnownFileType = sourcecode.swift; path = FullScreenLoadingView.swift; sourceTree = "<group>"; };
		6BD9192F2EE7303C008E130F /* TableLoadingView.swift */ = {isa = PBXFileReference; lastKnownFileType = sourcecode.swift; path = TableLoadingView.swift; sourceTree = "<group>"; };
		6BD919322EE73232008E130F /* Font+Extensions.swift */ = {isa = PBXFileReference; lastKnownFileType = sourcecode.swift; path = "Font+Extensions.swift"; sourceTree = "<group>"; };
		6BD919362EE75A78008E130F /* NavigationBar.swift */ = {isa = PBXFileReference; lastKnownFileType = sourcecode.swift; path = NavigationBar.swift; sourceTree = "<group>"; };
		6BD919382EE774A3008E130F /* NavigationBarItem.swift */ = {isa = PBXFileReference; lastKnownFileType = sourcecode.swift; path = NavigationBarItem.swift; sourceTree = "<group>"; };
		6BD9193E2EE79568008E130F /* Router.swift */ = {isa = PBXFileReference; lastKnownFileType = sourcecode.swift; path = Router.swift; sourceTree = "<group>"; };
/* End PBXFileReference section */

/* Begin PBXFrameworksBuildPhase section */
		6BD625B02EE5CB58007D57E5 /* Frameworks */ = {
			isa = PBXFrameworksBuildPhase;
			buildActionMask = 2147483647;
			files = (
			);
			runOnlyForDeploymentPostprocessing = 0;
		};
		6BD625C02EE5CB59007D57E5 /* Frameworks */ = {
			isa = PBXFrameworksBuildPhase;
			buildActionMask = 2147483647;
			files = (
				6B973F9E2EFF65FD00074F87 /* SnapshotTesting in Frameworks */,
			);
			runOnlyForDeploymentPostprocessing = 0;
		};
		6BD625CA2EE5CB59007D57E5 /* Frameworks */ = {
			isa = PBXFrameworksBuildPhase;
			buildActionMask = 2147483647;
			files = (
			);
			runOnlyForDeploymentPostprocessing = 0;
		};
/* End PBXFrameworksBuildPhase section */

/* Begin PBXGroup section */
		6B1127FF2F02D6D400E21FC7 /* ViewModelTests */ = {
			isa = PBXGroup;
			children = (
				6B1128002F02D71400E21FC7 /* PokedexViewModelTests.swift */,
			);
			path = ViewModelTests;
			sourceTree = "<group>";
		};
		6B1128022F03219100E21FC7 /* CoreData */ = {
			isa = PBXGroup;
			children = (
				6B1128032F0321A700E21FC7 /* PokemonModel.xcdatamodeld */,
				6B1128062F0321EC00E21FC7 /* PersistenceController.swift */,
				6B11280A2F032BFE00E21FC7 /* PokemonDatabaseManager.swift */,
			);
			path = CoreData;
			sourceTree = "<group>";
		};
		6B11280C2F03689500E21FC7 /* Database */ = {
			isa = PBXGroup;
			children = (
				6B11280D2F0368AF00E21FC7 /* PokemonDatabaseManagerTests.swift */,
			);
			path = Database;
			sourceTree = "<group>";
		};
		6B11280F2F03FA4A00E21FC7 /* CoreData */ = {
			isa = PBXGroup;
			children = (
				6B1128102F03FA7500E21FC7 /* PersistanceControllerMock.swift */,
			);
			path = CoreData;
			sourceTree = "<group>";
		};
		6B25CD7E2EE8C1E400334762 /* PokemonDetail */ = {
			isa = PBXGroup;
			children = (
				6B12AE722EE8C674004121F6 /* PokemonDetailView.swift */,
				6B1128082F032A8D00E21FC7 /* PokemonDetailViewModel.swift */,
			);
			path = PokemonDetail;
			sourceTree = "<group>";
		};
		6B7E80CE2EE5CE81005A5925 /* NetworkLayer */ = {
			isa = PBXGroup;
			children = (
				6B7E80DC2EE5E28E005A5925 /* NetworkProvider */,
				6B7E80DB2EE5E282005A5925 /* DataSource */,
				6B7E80D92EE5D261005A5925 /* NetworkingError.swift */,
			);
			path = NetworkLayer;
			sourceTree = "<group>";
		};
		6B7E80CF2EE5CE92005A5925 /* Models */ = {
			isa = PBXGroup;
			children = (
				6BCB24B02EE7127F009964EC /* DataModels */,
				6BCB24AB2EE65664009964EC /* Enums */,
				6B7E80E02EE5E343005A5925 /* Representable */,
				6B7E80D22EE5CF9E005A5925 /* DTO */,
			);
			path = Models;
			sourceTree = "<group>";
		};
		6B7E80D22EE5CF9E005A5925 /* DTO */ = {
			isa = PBXGroup;
			children = (
				6B7E80D32EE5CFA8005A5925 /* PokemonListDTO.swift */,
				6B7E80D52EE5D013005A5925 /* PokemonDTO.swift */,
			);
			path = DTO;
			sourceTree = "<group>";
		};
		6B7E80DB2EE5E282005A5925 /* DataSource */ = {
			isa = PBXGroup;
			children = (
				6B7E80D02EE5CF21005A5925 /* PokemonDataSource.swift */,
			);
			path = DataSource;
			sourceTree = "<group>";
		};
		6B7E80DC2EE5E28E005A5925 /* NetworkProvider */ = {
			isa = PBXGroup;
			children = (
				6B7E80D72EE5D10A005A5925 /* NetworkProvider.swift */,
			);
			path = NetworkProvider;
			sourceTree = "<group>";
		};
		6B7E80DD2EE5E2CB005A5925 /* UseCases */ = {
			isa = PBXGroup;
			children = (
				6B7E80DE2EE5E2EF005A5925 /* GetPokemonListUseCase.swift */,
				6B7E80E52EE5E45A005A5925 /* GetPokemonUseCase.swift */,
			);
			path = UseCases;
			sourceTree = "<group>";
		};
		6B7E80E02EE5E343005A5925 /* Representable */ = {
			isa = PBXGroup;
			children = (
				6B7E80E12EE5E373005A5925 /* PokemonListRepresentable.swift */,
				6B7E80E22EE5E373005A5925 /* PokemonRepresentable.swift */,
			);
			path = Representable;
			sourceTree = "<group>";
		};
		6B973F9F2EFF672000074F87 /* Mocks */ = {
			isa = PBXGroup;
			children = (
				6B11280F2F03FA4A00E21FC7 /* CoreData */,
				6B973FA92EFF6F3E00074F87 /* UseCases */,
				6B973FA82EFF6F3400074F87 /* DataModels */,
				6B973FAB2F00AD2F00074F87 /* PokemonDataSourceMock.swift */,
			);
			path = Mocks;
			sourceTree = "<group>";
		};
		6B973FA82EFF6F3400074F87 /* DataModels */ = {
			isa = PBXGroup;
			children = (
				6B973FA02EFF672E00074F87 /* PokemonRepresentableMock.swift */,
				6B973FA42EFF6DB600074F87 /* PokemonListRepresentableMock.swift */,
			);
			path = DataModels;
			sourceTree = "<group>";
		};
		6B973FA92EFF6F3E00074F87 /* UseCases */ = {
			isa = PBXGroup;
			children = (
				6B973FA22EFF6D7A00074F87 /* GetPokemonListUseCaseMock.swift */,
				6B973FA62EFF6E7900074F87 /* GetPokemonUseCaseMock.swift */,
			);
			path = UseCases;
			sourceTree = "<group>";
		};
		6B973FAA2EFF6F5100074F87 /* SnapshotTests */ = {
			isa = PBXGroup;
			children = (
				6B973F9A2EFF64A400074F87 /* ConcurrencySnapShotTests.swift */,
			);
			path = SnapshotTests;
			sourceTree = "<group>";
		};
		6B973FAD2F00B53400074F87 /* UseCaseTests */ = {
			isa = PBXGroup;
			children = (
				6B973FB02F00B8B300074F87 /* GetPokemonListUseCaseTests.swift */,
				6B973FB22F00B8FC00074F87 /* GetPokemonUseCaseTests.swift */,
			);
			path = UseCaseTests;
			sourceTree = "<group>";
		};
		6BB9FAB42EE61A2E008B7490 /* Dependencies */ = {
			isa = PBXGroup;
			children = (
				6BB9FAB52EE61A57008B7490 /* AppDependencies.swift */,
			);
			path = Dependencies;
			sourceTree = "<group>";
		};
		6BB9FAB72EE62804008B7490 /* UIComponents */ = {
			isa = PBXGroup;
			children = (
				6BB9FAB82EE62815008B7490 /* PokedexPokemonView.swift */,
				6BD9192D2EE71BFF008E130F /* FullScreenLoadingView.swift */,
				6BD9192F2EE7303C008E130F /* TableLoadingView.swift */,
				6BD919362EE75A78008E130F /* NavigationBar.swift */,
				6B5351062EFF23D300CC27F4 /* StatBar.swift */,
				6BA877232EFF38B2001A82A8 /* ImageButton.swift */,
			);
			path = UIComponents;
			sourceTree = "<group>";
		};
		6BCB24AB2EE65664009964EC /* Enums */ = {
			isa = PBXGroup;
			children = (
				6B973F982EFF589700074F87 /* PokemonStat.swift */,
				6BCB24AE2EE6567C009964EC /* PokemonType.swift */,
			);
			path = Enums;
			sourceTree = "<group>";
		};
		6BCB24B02EE7127F009964EC /* DataModels */ = {
			isa = PBXGroup;
			children = (
				6BCB24B12EE71292009964EC /* PokedexPokemonItem.swift */,
				6BD919382EE774A3008E130F /* NavigationBarItem.swift */,
			);
			path = DataModels;
			sourceTree = "<group>";
		};
		6BD625AA2EE5CB58007D57E5 = {
			isa = PBXGroup;
			children = (
				6BD625B52EE5CB58007D57E5 /* ConcurrencyPokedex */,
				6BD625C62EE5CB59007D57E5 /* ConcurrencyPokedexTests */,
				6BD625D02EE5CB59007D57E5 /* ConcurrencyPokedexUITests */,
				6BD625B42EE5CB58007D57E5 /* Products */,
			);
			sourceTree = "<group>";
		};
		6BD625B42EE5CB58007D57E5 /* Products */ = {
			isa = PBXGroup;
			children = (
				6BD625B32EE5CB58007D57E5 /* ConcurrencyPokedex.app */,
				6BD625C32EE5CB59007D57E5 /* ConcurrencyPokedexTests.xctest */,
				6BD625CD2EE5CB59007D57E5 /* ConcurrencyPokedexUITests.xctest */,
			);
			name = Products;
			sourceTree = "<group>";
		};
		6BD625B52EE5CB58007D57E5 /* ConcurrencyPokedex */ = {
			isa = PBXGroup;
			children = (
				6B3DAA892F054FB900BFC036 /* ConcurrencyPokedex.entitlements */,
				6B1128022F03219100E21FC7 /* CoreData */,
				6BD9193D2EE7955D008E130F /* Navigation */,
				6BD919312EE73224008E130F /* Extensions */,
				6BB9FAB72EE62804008B7490 /* UIComponents */,
				6BB9FAB42EE61A2E008B7490 /* Dependencies */,
				6B7E80DD2EE5E2CB005A5925 /* UseCases */,
				6B7E80CF2EE5CE92005A5925 /* Models */,
				6B7E80CE2EE5CE81005A5925 /* NetworkLayer */,
				6BD625E02EE5CCDE007D57E5 /* Scenes */,
				6BD625B62EE5CB58007D57E5 /* ConcurrencyPokedexApp.swift */,
				6BD625BA2EE5CB59007D57E5 /* Assets.xcassets */,
				6BD625BC2EE5CB59007D57E5 /* Preview Content */,
			);
			path = ConcurrencyPokedex;
			sourceTree = "<group>";
		};
		6BD625BC2EE5CB59007D57E5 /* Preview Content */ = {
			isa = PBXGroup;
			children = (
				6BD625BD2EE5CB59007D57E5 /* Preview Assets.xcassets */,
			);
			path = "Preview Content";
			sourceTree = "<group>";
		};
		6BD625C62EE5CB59007D57E5 /* ConcurrencyPokedexTests */ = {
			isa = PBXGroup;
			children = (
				6B11280C2F03689500E21FC7 /* Database */,
				6B1127FF2F02D6D400E21FC7 /* ViewModelTests */,
				6B973FAD2F00B53400074F87 /* UseCaseTests */,
				6B973FAA2EFF6F5100074F87 /* SnapshotTests */,
				6B973F9F2EFF672000074F87 /* Mocks */,
				6BD625C72EE5CB59007D57E5 /* ConcurrencyPokedexTests.swift */,
			);
			path = ConcurrencyPokedexTests;
			sourceTree = "<group>";
		};
		6BD625D02EE5CB59007D57E5 /* ConcurrencyPokedexUITests */ = {
			isa = PBXGroup;
			children = (
				6BD625D12EE5CB59007D57E5 /* ConcurrencyPokedexUITests.swift */,
				6BD625D32EE5CB59007D57E5 /* ConcurrencyPokedexUITestsLaunchTests.swift */,
			);
			path = ConcurrencyPokedexUITests;
			sourceTree = "<group>";
		};
		6BD625E02EE5CCDE007D57E5 /* Scenes */ = {
			isa = PBXGroup;
			children = (
				6B25CD7E2EE8C1E400334762 /* PokemonDetail */,
				6BD625E12EE5CCE3007D57E5 /* Pokedex */,
			);
			path = Scenes;
			sourceTree = "<group>";
		};
		6BD625E12EE5CCE3007D57E5 /* Pokedex */ = {
			isa = PBXGroup;
			children = (
				6BD625B82EE5CB58007D57E5 /* PokedexView.swift */,
				6BB9FAB22EE60CC1008B7490 /* PokemonViewModel.swift */,
			);
			path = Pokedex;
			sourceTree = "<group>";
		};
		6BD919312EE73224008E130F /* Extensions */ = {
			isa = PBXGroup;
			children = (
				6BD919322EE73232008E130F /* Font+Extensions.swift */,
			);
			path = Extensions;
			sourceTree = "<group>";
		};
		6BD9193D2EE7955D008E130F /* Navigation */ = {
			isa = PBXGroup;
			children = (
				6BD9193E2EE79568008E130F /* Router.swift */,
			);
			path = Navigation;
			sourceTree = "<group>";
		};
/* End PBXGroup section */

/* Begin PBXNativeTarget section */
		6BD625B22EE5CB58007D57E5 /* ConcurrencyPokedex */ = {
			isa = PBXNativeTarget;
			buildConfigurationList = 6BD625D72EE5CB59007D57E5 /* Build configuration list for PBXNativeTarget "ConcurrencyPokedex" */;
			buildPhases = (
				6BD625AF2EE5CB58007D57E5 /* Sources */,
				6BD625B02EE5CB58007D57E5 /* Frameworks */,
				6BD625B12EE5CB58007D57E5 /* Resources */,
			);
			buildRules = (
			);
			dependencies = (
			);
			name = ConcurrencyPokedex;
			productName = ConcurrencyPokedex;
			productReference = 6BD625B32EE5CB58007D57E5 /* ConcurrencyPokedex.app */;
			productType = "com.apple.product-type.application";
		};
		6BD625C22EE5CB59007D57E5 /* ConcurrencyPokedexTests */ = {
			isa = PBXNativeTarget;
			buildConfigurationList = 6BD625DA2EE5CB59007D57E5 /* Build configuration list for PBXNativeTarget "ConcurrencyPokedexTests" */;
			buildPhases = (
				6BD625BF2EE5CB59007D57E5 /* Sources */,
				6BD625C02EE5CB59007D57E5 /* Frameworks */,
				6BD625C12EE5CB59007D57E5 /* Resources */,
			);
			buildRules = (
			);
			dependencies = (
				6BD625C52EE5CB59007D57E5 /* PBXTargetDependency */,
			);
			name = ConcurrencyPokedexTests;
			packageProductDependencies = (
				6B973F9D2EFF65FD00074F87 /* SnapshotTesting */,
			);
			productName = ConcurrencyPokedexTests;
			productReference = 6BD625C32EE5CB59007D57E5 /* ConcurrencyPokedexTests.xctest */;
			productType = "com.apple.product-type.bundle.unit-test";
		};
		6BD625CC2EE5CB59007D57E5 /* ConcurrencyPokedexUITests */ = {
			isa = PBXNativeTarget;
			buildConfigurationList = 6BD625DD2EE5CB59007D57E5 /* Build configuration list for PBXNativeTarget "ConcurrencyPokedexUITests" */;
			buildPhases = (
				6BD625C92EE5CB59007D57E5 /* Sources */,
				6BD625CA2EE5CB59007D57E5 /* Frameworks */,
				6BD625CB2EE5CB59007D57E5 /* Resources */,
			);
			buildRules = (
			);
			dependencies = (
				6BD625CF2EE5CB59007D57E5 /* PBXTargetDependency */,
			);
			name = ConcurrencyPokedexUITests;
			productName = ConcurrencyPokedexUITests;
			productReference = 6BD625CD2EE5CB59007D57E5 /* ConcurrencyPokedexUITests.xctest */;
			productType = "com.apple.product-type.bundle.ui-testing";
		};
/* End PBXNativeTarget section */

/* Begin PBXProject section */
		6BD625AB2EE5CB58007D57E5 /* Project object */ = {
			isa = PBXProject;
			attributes = {
				BuildIndependentTargetsInParallel = 1;
				LastSwiftUpdateCheck = 1530;
				LastUpgradeCheck = 1530;
				TargetAttributes = {
					6BD625B22EE5CB58007D57E5 = {
						CreatedOnToolsVersion = 15.3;
					};
					6BD625C22EE5CB59007D57E5 = {
						CreatedOnToolsVersion = 15.3;
						TestTargetID = 6BD625B22EE5CB58007D57E5;
					};
					6BD625CC2EE5CB59007D57E5 = {
						CreatedOnToolsVersion = 15.3;
						TestTargetID = 6BD625B22EE5CB58007D57E5;
					};
				};
			};
			buildConfigurationList = 6BD625AE2EE5CB58007D57E5 /* Build configuration list for PBXProject "ConcurrencyPokedex" */;
			compatibilityVersion = "Xcode 14.0";
			developmentRegion = en;
			hasScannedForEncodings = 0;
			knownRegions = (
				en,
				Base,
			);
			mainGroup = 6BD625AA2EE5CB58007D57E5;
			packageReferences = (
				6B973F9C2EFF65FD00074F87 /* XCRemoteSwiftPackageReference "swift-snapshot-testing" */,
			);
			productRefGroup = 6BD625B42EE5CB58007D57E5 /* Products */;
			projectDirPath = "";
			projectRoot = "";
			targets = (
				6BD625B22EE5CB58007D57E5 /* ConcurrencyPokedex */,
				6BD625C22EE5CB59007D57E5 /* ConcurrencyPokedexTests */,
				6BD625CC2EE5CB59007D57E5 /* ConcurrencyPokedexUITests */,
			);
		};
/* End PBXProject section */

/* Begin PBXResourcesBuildPhase section */
		6BD625B12EE5CB58007D57E5 /* Resources */ = {
			isa = PBXResourcesBuildPhase;
			buildActionMask = 2147483647;
			files = (
				6BD625BE2EE5CB59007D57E5 /* Preview Assets.xcassets in Resources */,
				6BD625BB2EE5CB59007D57E5 /* Assets.xcassets in Resources */,
			);
			runOnlyForDeploymentPostprocessing = 0;
		};
		6BD625C12EE5CB59007D57E5 /* Resources */ = {
			isa = PBXResourcesBuildPhase;
			buildActionMask = 2147483647;
			files = (
			);
			runOnlyForDeploymentPostprocessing = 0;
		};
		6BD625CB2EE5CB59007D57E5 /* Resources */ = {
			isa = PBXResourcesBuildPhase;
			buildActionMask = 2147483647;
			files = (
			);
			runOnlyForDeploymentPostprocessing = 0;
		};
/* End PBXResourcesBuildPhase section */

/* Begin PBXSourcesBuildPhase section */
		6BD625AF2EE5CB58007D57E5 /* Sources */ = {
			isa = PBXSourcesBuildPhase;
			buildActionMask = 2147483647;
			files = (
				6BD9193F2EE79568008E130F /* Router.swift in Sources */,
				6B7E80E42EE5E373005A5925 /* PokemonRepresentable.swift in Sources */,
				6B1128052F0321A700E21FC7 /* PokemonModel.xcdatamodeld in Sources */,
				6BD625B92EE5CB58007D57E5 /* PokedexView.swift in Sources */,
				6BB9FAB32EE60CC1008B7490 /* PokemonViewModel.swift in Sources */,
				6B7E80E32EE5E373005A5925 /* PokemonListRepresentable.swift in Sources */,
				6B1128092F032A8D00E21FC7 /* PokemonDetailViewModel.swift in Sources */,
				6BD9192E2EE71BFF008E130F /* FullScreenLoadingView.swift in Sources */,
				6B7E80D12EE5CF21005A5925 /* PokemonDataSource.swift in Sources */,
				6BD625B72EE5CB58007D57E5 /* ConcurrencyPokedexApp.swift in Sources */,
				6B7E80DA2EE5D261005A5925 /* NetworkingError.swift in Sources */,
				6B5351072EFF23D400CC27F4 /* StatBar.swift in Sources */,
				6BD919302EE7303C008E130F /* TableLoadingView.swift in Sources */,
				6B7E80DF2EE5E2EF005A5925 /* GetPokemonListUseCase.swift in Sources */,
				6B7E80D62EE5D013005A5925 /* PokemonDTO.swift in Sources */,
				6B11280B2F032BFE00E21FC7 /* PokemonDatabaseManager.swift in Sources */,
				6B7E80D42EE5CFA8005A5925 /* PokemonListDTO.swift in Sources */,
				6B1128072F0321EC00E21FC7 /* PersistenceController.swift in Sources */,
				6B12AE732EE8C674004121F6 /* PokemonDetailView.swift in Sources */,
				6B973F992EFF589700074F87 /* PokemonStat.swift in Sources */,
				6BB9FAB62EE61A57008B7490 /* AppDependencies.swift in Sources */,
				6BCB24B22EE71292009964EC /* PokedexPokemonItem.swift in Sources */,
				6BB9FAB92EE62815008B7490 /* PokedexPokemonView.swift in Sources */,
				6BD919372EE75A78008E130F /* NavigationBar.swift in Sources */,
				6BD919392EE774A3008E130F /* NavigationBarItem.swift in Sources */,
				6BD919332EE73232008E130F /* Font+Extensions.swift in Sources */,
				6BCB24AF2EE6567C009964EC /* PokemonType.swift in Sources */,
				6BA877242EFF38B2001A82A8 /* ImageButton.swift in Sources */,
				6B7E80D82EE5D10A005A5925 /* NetworkProvider.swift in Sources */,
				6B7E80E62EE5E45A005A5925 /* GetPokemonUseCase.swift in Sources */,
			);
			runOnlyForDeploymentPostprocessing = 0;
		};
		6BD625BF2EE5CB59007D57E5 /* Sources */ = {
			isa = PBXSourcesBuildPhase;
			buildActionMask = 2147483647;
			files = (
				6B973FB12F00B8B300074F87 /* GetPokemonListUseCaseTests.swift in Sources */,
				6B1128112F03FA7500E21FC7 /* PersistanceControllerMock.swift in Sources */,
				6B973FA12EFF672E00074F87 /* PokemonRepresentableMock.swift in Sources */,
				6B973FB32F00B8FC00074F87 /* GetPokemonUseCaseTests.swift in Sources */,
				6BD625C82EE5CB59007D57E5 /* ConcurrencyPokedexTests.swift in Sources */,
				6B11280E2F0368AF00E21FC7 /* PokemonDatabaseManagerTests.swift in Sources */,
				6B973FA32EFF6D7A00074F87 /* GetPokemonListUseCaseMock.swift in Sources */,
				6B1128012F02D71400E21FC7 /* PokedexViewModelTests.swift in Sources */,
				6B973FAC2F00AD2F00074F87 /* PokemonDataSourceMock.swift in Sources */,
				6B973F9B2EFF64A400074F87 /* ConcurrencySnapShotTests.swift in Sources */,
				6B973FA72EFF6E7900074F87 /* GetPokemonUseCaseMock.swift in Sources */,
				6B973FA52EFF6DB600074F87 /* PokemonListRepresentableMock.swift in Sources */,
			);
			runOnlyForDeploymentPostprocessing = 0;
		};
		6BD625C92EE5CB59007D57E5 /* Sources */ = {
			isa = PBXSourcesBuildPhase;
			buildActionMask = 2147483647;
			files = (
				6BD625D22EE5CB59007D57E5 /* ConcurrencyPokedexUITests.swift in Sources */,
				6BD625D42EE5CB59007D57E5 /* ConcurrencyPokedexUITestsLaunchTests.swift in Sources */,
			);
			runOnlyForDeploymentPostprocessing = 0;
		};
/* End PBXSourcesBuildPhase section */

/* Begin PBXTargetDependency section */
		6BD625C52EE5CB59007D57E5 /* PBXTargetDependency */ = {
			isa = PBXTargetDependency;
			target = 6BD625B22EE5CB58007D57E5 /* ConcurrencyPokedex */;
			targetProxy = 6BD625C42EE5CB59007D57E5 /* PBXContainerItemProxy */;
		};
		6BD625CF2EE5CB59007D57E5 /* PBXTargetDependency */ = {
			isa = PBXTargetDependency;
			target = 6BD625B22EE5CB58007D57E5 /* ConcurrencyPokedex */;
			targetProxy = 6BD625CE2EE5CB59007D57E5 /* PBXContainerItemProxy */;
		};
/* End PBXTargetDependency section */

/* Begin XCBuildConfiguration section */
		6BD625D52EE5CB59007D57E5 /* Debug */ = {
			isa = XCBuildConfiguration;
			buildSettings = {
				ALWAYS_SEARCH_USER_PATHS = NO;
				ASSETCATALOG_COMPILER_GENERATE_SWIFT_ASSET_SYMBOL_EXTENSIONS = YES;
				CLANG_ANALYZER_NONNULL = YES;
				CLANG_ANALYZER_NUMBER_OBJECT_CONVERSION = YES_AGGRESSIVE;
				CLANG_CXX_LANGUAGE_STANDARD = "gnu++20";
				CLANG_ENABLE_MODULES = YES;
				CLANG_ENABLE_OBJC_ARC = YES;
				CLANG_ENABLE_OBJC_WEAK = YES;
				CLANG_WARN_BLOCK_CAPTURE_AUTORELEASING = YES;
				CLANG_WARN_BOOL_CONVERSION = YES;
				CLANG_WARN_COMMA = YES;
				CLANG_WARN_CONSTANT_CONVERSION = YES;
				CLANG_WARN_DEPRECATED_OBJC_IMPLEMENTATIONS = YES;
				CLANG_WARN_DIRECT_OBJC_ISA_USAGE = YES_ERROR;
				CLANG_WARN_DOCUMENTATION_COMMENTS = YES;
				CLANG_WARN_EMPTY_BODY = YES;
				CLANG_WARN_ENUM_CONVERSION = YES;
				CLANG_WARN_INFINITE_RECURSION = YES;
				CLANG_WARN_INT_CONVERSION = YES;
				CLANG_WARN_NON_LITERAL_NULL_CONVERSION = YES;
				CLANG_WARN_OBJC_IMPLICIT_RETAIN_SELF = YES;
				CLANG_WARN_OBJC_LITERAL_CONVERSION = YES;
				CLANG_WARN_OBJC_ROOT_CLASS = YES_ERROR;
				CLANG_WARN_QUOTED_INCLUDE_IN_FRAMEWORK_HEADER = YES;
				CLANG_WARN_RANGE_LOOP_ANALYSIS = YES;
				CLANG_WARN_STRICT_PROTOTYPES = YES;
				CLANG_WARN_SUSPICIOUS_MOVE = YES;
				CLANG_WARN_UNGUARDED_AVAILABILITY = YES_AGGRESSIVE;
				CLANG_WARN_UNREACHABLE_CODE = YES;
				CLANG_WARN__DUPLICATE_METHOD_MATCH = YES;
				COPY_PHASE_STRIP = NO;
				DEBUG_INFORMATION_FORMAT = dwarf;
				ENABLE_STRICT_OBJC_MSGSEND = YES;
				ENABLE_TESTABILITY = YES;
				ENABLE_USER_SCRIPT_SANDBOXING = YES;
				GCC_C_LANGUAGE_STANDARD = gnu17;
				GCC_DYNAMIC_NO_PIC = NO;
				GCC_NO_COMMON_BLOCKS = YES;
				GCC_OPTIMIZATION_LEVEL = 0;
				GCC_PREPROCESSOR_DEFINITIONS = (
					"DEBUG=1",
					"$(inherited)",
				);
				GCC_WARN_64_TO_32_BIT_CONVERSION = YES;
				GCC_WARN_ABOUT_RETURN_TYPE = YES_ERROR;
				GCC_WARN_UNDECLARED_SELECTOR = YES;
				GCC_WARN_UNINITIALIZED_AUTOS = YES_AGGRESSIVE;
				GCC_WARN_UNUSED_FUNCTION = YES;
				GCC_WARN_UNUSED_VARIABLE = YES;
				IPHONEOS_DEPLOYMENT_TARGET = 17.4;
				LOCALIZATION_PREFERS_STRING_CATALOGS = YES;
				MTL_ENABLE_DEBUG_INFO = INCLUDE_SOURCE;
				MTL_FAST_MATH = YES;
				ONLY_ACTIVE_ARCH = YES;
				SDKROOT = iphoneos;
				SWIFT_ACTIVE_COMPILATION_CONDITIONS = "DEBUG $(inherited)";
				SWIFT_OPTIMIZATION_LEVEL = "-Onone";
			};
			name = Debug;
		};
		6BD625D62EE5CB59007D57E5 /* Release */ = {
			isa = XCBuildConfiguration;
			buildSettings = {
				ALWAYS_SEARCH_USER_PATHS = NO;
				ASSETCATALOG_COMPILER_GENERATE_SWIFT_ASSET_SYMBOL_EXTENSIONS = YES;
				CLANG_ANALYZER_NONNULL = YES;
				CLANG_ANALYZER_NUMBER_OBJECT_CONVERSION = YES_AGGRESSIVE;
				CLANG_CXX_LANGUAGE_STANDARD = "gnu++20";
				CLANG_ENABLE_MODULES = YES;
				CLANG_ENABLE_OBJC_ARC = YES;
				CLANG_ENABLE_OBJC_WEAK = YES;
				CLANG_WARN_BLOCK_CAPTURE_AUTORELEASING = YES;
				CLANG_WARN_BOOL_CONVERSION = YES;
				CLANG_WARN_COMMA = YES;
				CLANG_WARN_CONSTANT_CONVERSION = YES;
				CLANG_WARN_DEPRECATED_OBJC_IMPLEMENTATIONS = YES;
				CLANG_WARN_DIRECT_OBJC_ISA_USAGE = YES_ERROR;
				CLANG_WARN_DOCUMENTATION_COMMENTS = YES;
				CLANG_WARN_EMPTY_BODY = YES;
				CLANG_WARN_ENUM_CONVERSION = YES;
				CLANG_WARN_INFINITE_RECURSION = YES;
				CLANG_WARN_INT_CONVERSION = YES;
				CLANG_WARN_NON_LITERAL_NULL_CONVERSION = YES;
				CLANG_WARN_OBJC_IMPLICIT_RETAIN_SELF = YES;
				CLANG_WARN_OBJC_LITERAL_CONVERSION = YES;
				CLANG_WARN_OBJC_ROOT_CLASS = YES_ERROR;
				CLANG_WARN_QUOTED_INCLUDE_IN_FRAMEWORK_HEADER = YES;
				CLANG_WARN_RANGE_LOOP_ANALYSIS = YES;
				CLANG_WARN_STRICT_PROTOTYPES = YES;
				CLANG_WARN_SUSPICIOUS_MOVE = YES;
				CLANG_WARN_UNGUARDED_AVAILABILITY = YES_AGGRESSIVE;
				CLANG_WARN_UNREACHABLE_CODE = YES;
				CLANG_WARN__DUPLICATE_METHOD_MATCH = YES;
				COPY_PHASE_STRIP = NO;
				DEBUG_INFORMATION_FORMAT = "dwarf-with-dsym";
				ENABLE_NS_ASSERTIONS = NO;
				ENABLE_STRICT_OBJC_MSGSEND = YES;
				ENABLE_USER_SCRIPT_SANDBOXING = YES;
				GCC_C_LANGUAGE_STANDARD = gnu17;
				GCC_NO_COMMON_BLOCKS = YES;
				GCC_WARN_64_TO_32_BIT_CONVERSION = YES;
				GCC_WARN_ABOUT_RETURN_TYPE = YES_ERROR;
				GCC_WARN_UNDECLARED_SELECTOR = YES;
				GCC_WARN_UNINITIALIZED_AUTOS = YES_AGGRESSIVE;
				GCC_WARN_UNUSED_FUNCTION = YES;
				GCC_WARN_UNUSED_VARIABLE = YES;
				IPHONEOS_DEPLOYMENT_TARGET = 17.4;
				LOCALIZATION_PREFERS_STRING_CATALOGS = YES;
				MTL_ENABLE_DEBUG_INFO = NO;
				MTL_FAST_MATH = YES;
				SDKROOT = iphoneos;
				SWIFT_COMPILATION_MODE = wholemodule;
				VALIDATE_PRODUCT = YES;
			};
			name = Release;
		};
		6BD625D82EE5CB59007D57E5 /* Debug */ = {
			isa = XCBuildConfiguration;
			buildSettings = {
				ASSETCATALOG_COMPILER_APPICON_NAME = AppIcon;
				ASSETCATALOG_COMPILER_GLOBAL_ACCENT_COLOR_NAME = AccentColor;
				CODE_SIGN_ENTITLEMENTS = ConcurrencyPokedex/ConcurrencyPokedex.entitlements;
				CODE_SIGN_STYLE = Automatic;
				CURRENT_PROJECT_VERSION = 1;
				DEVELOPMENT_ASSET_PATHS = "\"ConcurrencyPokedex/Preview Content\"";
				DEVELOPMENT_TEAM = 8LUDXDJLL4;
				ENABLE_PREVIEWS = YES;
				GENERATE_INFOPLIST_FILE = YES;
				INFOPLIST_KEY_UIApplicationSceneManifest_Generation = YES;
				INFOPLIST_KEY_UIApplicationSupportsIndirectInputEvents = YES;
				INFOPLIST_KEY_UILaunchScreen_Generation = YES;
				INFOPLIST_KEY_UISupportedInterfaceOrientations_iPad = "UIInterfaceOrientationPortrait UIInterfaceOrientationPortraitUpsideDown UIInterfaceOrientationLandscapeLeft UIInterfaceOrientationLandscapeRight";
				INFOPLIST_KEY_UISupportedInterfaceOrientations_iPhone = "UIInterfaceOrientationPortrait UIInterfaceOrientationLandscapeLeft UIInterfaceOrientationLandscapeRight";
				LD_RUNPATH_SEARCH_PATHS = (
					"$(inherited)",
					"@executable_path/Frameworks",
				);
				MARKETING_VERSION = 1.0;
				PRODUCT_BUNDLE_IDENTIFIER = com.joaorouxinol.ConcurrencyPokedex;
				PRODUCT_NAME = "$(TARGET_NAME)";
				SWIFT_EMIT_LOC_STRINGS = YES;
				SWIFT_VERSION = 5.0;
				TARGETED_DEVICE_FAMILY = "1,2";
			};
			name = Debug;
		};
		6BD625D92EE5CB59007D57E5 /* Release */ = {
			isa = XCBuildConfiguration;
			buildSettings = {
				ASSETCATALOG_COMPILER_APPICON_NAME = AppIcon;
				ASSETCATALOG_COMPILER_GLOBAL_ACCENT_COLOR_NAME = AccentColor;
				CODE_SIGN_ENTITLEMENTS = ConcurrencyPokedex/ConcurrencyPokedex.entitlements;
				CODE_SIGN_STYLE = Automatic;
				CURRENT_PROJECT_VERSION = 1;
				DEVELOPMENT_ASSET_PATHS = "\"ConcurrencyPokedex/Preview Content\"";
				DEVELOPMENT_TEAM = 8LUDXDJLL4;
				ENABLE_PREVIEWS = YES;
				GENERATE_INFOPLIST_FILE = YES;
				INFOPLIST_KEY_UIApplicationSceneManifest_Generation = YES;
				INFOPLIST_KEY_UIApplicationSupportsIndirectInputEvents = YES;
				INFOPLIST_KEY_UILaunchScreen_Generation = YES;
				INFOPLIST_KEY_UISupportedInterfaceOrientations_iPad = "UIInterfaceOrientationPortrait UIInterfaceOrientationPortraitUpsideDown UIInterfaceOrientationLandscapeLeft UIInterfaceOrientationLandscapeRight";
				INFOPLIST_KEY_UISupportedInterfaceOrientations_iPhone = "UIInterfaceOrientationPortrait UIInterfaceOrientationLandscapeLeft UIInterfaceOrientationLandscapeRight";
				LD_RUNPATH_SEARCH_PATHS = (
					"$(inherited)",
					"@executable_path/Frameworks",
				);
				MARKETING_VERSION = 1.0;
				PRODUCT_BUNDLE_IDENTIFIER = com.joaorouxinol.ConcurrencyPokedex;
				PRODUCT_NAME = "$(TARGET_NAME)";
				SWIFT_EMIT_LOC_STRINGS = YES;
				SWIFT_VERSION = 5.0;
				TARGETED_DEVICE_FAMILY = "1,2";
			};
			name = Release;
		};
		6BD625DB2EE5CB59007D57E5 /* Debug */ = {
			isa = XCBuildConfiguration;
			buildSettings = {
				ALWAYS_EMBED_SWIFT_STANDARD_LIBRARIES = YES;
				BUNDLE_LOADER = "$(TEST_HOST)";
				CODE_SIGN_STYLE = Automatic;
				CURRENT_PROJECT_VERSION = 1;
				DEVELOPMENT_TEAM = 8LUDXDJLL4;
				GENERATE_INFOPLIST_FILE = YES;
				IPHONEOS_DEPLOYMENT_TARGET = 17.4;
				MARKETING_VERSION = 1.0;
				PRODUCT_BUNDLE_IDENTIFIER = com.joaorouxinol.ConcurrencyPokedexTests;
				PRODUCT_NAME = "$(TARGET_NAME)";
				SWIFT_EMIT_LOC_STRINGS = NO;
				SWIFT_VERSION = 5.0;
				TARGETED_DEVICE_FAMILY = "1,2";
				TEST_HOST = "$(BUILT_PRODUCTS_DIR)/ConcurrencyPokedex.app/$(BUNDLE_EXECUTABLE_FOLDER_PATH)/ConcurrencyPokedex";
			};
			name = Debug;
		};
		6BD625DC2EE5CB59007D57E5 /* Release */ = {
			isa = XCBuildConfiguration;
			buildSettings = {
				ALWAYS_EMBED_SWIFT_STANDARD_LIBRARIES = YES;
				BUNDLE_LOADER = "$(TEST_HOST)";
				CODE_SIGN_STYLE = Automatic;
				CURRENT_PROJECT_VERSION = 1;
				DEVELOPMENT_TEAM = 8LUDXDJLL4;
				GENERATE_INFOPLIST_FILE = YES;
				IPHONEOS_DEPLOYMENT_TARGET = 17.4;
				MARKETING_VERSION = 1.0;
				PRODUCT_BUNDLE_IDENTIFIER = com.joaorouxinol.ConcurrencyPokedexTests;
				PRODUCT_NAME = "$(TARGET_NAME)";
				SWIFT_EMIT_LOC_STRINGS = NO;
				SWIFT_VERSION = 5.0;
				TARGETED_DEVICE_FAMILY = "1,2";
				TEST_HOST = "$(BUILT_PRODUCTS_DIR)/ConcurrencyPokedex.app/$(BUNDLE_EXECUTABLE_FOLDER_PATH)/ConcurrencyPokedex";
			};
			name = Release;
		};
		6BD625DE2EE5CB59007D57E5 /* Debug */ = {
			isa = XCBuildConfiguration;
			buildSettings = {
				ALWAYS_EMBED_SWIFT_STANDARD_LIBRARIES = YES;
				CODE_SIGN_STYLE = Automatic;
				CURRENT_PROJECT_VERSION = 1;
				DEVELOPMENT_TEAM = 8LUDXDJLL4;
				GENERATE_INFOPLIST_FILE = YES;
				MARKETING_VERSION = 1.0;
				PRODUCT_BUNDLE_IDENTIFIER = com.joaorouxinol.ConcurrencyPokedexUITests;
				PRODUCT_NAME = "$(TARGET_NAME)";
				SWIFT_EMIT_LOC_STRINGS = NO;
				SWIFT_VERSION = 5.0;
				TARGETED_DEVICE_FAMILY = "1,2";
				TEST_TARGET_NAME = ConcurrencyPokedex;
			};
			name = Debug;
		};
		6BD625DF2EE5CB59007D57E5 /* Release */ = {
			isa = XCBuildConfiguration;
			buildSettings = {
				ALWAYS_EMBED_SWIFT_STANDARD_LIBRARIES = YES;
				CODE_SIGN_STYLE = Automatic;
				CURRENT_PROJECT_VERSION = 1;
				DEVELOPMENT_TEAM = 8LUDXDJLL4;
				GENERATE_INFOPLIST_FILE = YES;
				MARKETING_VERSION = 1.0;
				PRODUCT_BUNDLE_IDENTIFIER = com.joaorouxinol.ConcurrencyPokedexUITests;
				PRODUCT_NAME = "$(TARGET_NAME)";
				SWIFT_EMIT_LOC_STRINGS = NO;
				SWIFT_VERSION = 5.0;
				TARGETED_DEVICE_FAMILY = "1,2";
				TEST_TARGET_NAME = ConcurrencyPokedex;
			};
			name = Release;
		};
/* End XCBuildConfiguration section */

/* Begin XCConfigurationList section */
		6BD625AE2EE5CB58007D57E5 /* Build configuration list for PBXProject "ConcurrencyPokedex" */ = {
			isa = XCConfigurationList;
			buildConfigurations = (
				6BD625D52EE5CB59007D57E5 /* Debug */,
				6BD625D62EE5CB59007D57E5 /* Release */,
			);
			defaultConfigurationIsVisible = 0;
			defaultConfigurationName = Release;
		};
		6BD625D72EE5CB59007D57E5 /* Build configuration list for PBXNativeTarget "ConcurrencyPokedex" */ = {
			isa = XCConfigurationList;
			buildConfigurations = (
				6BD625D82EE5CB59007D57E5 /* Debug */,
				6BD625D92EE5CB59007D57E5 /* Release */,
			);
			defaultConfigurationIsVisible = 0;
			defaultConfigurationName = Release;
		};
		6BD625DA2EE5CB59007D57E5 /* Build configuration list for PBXNativeTarget "ConcurrencyPokedexTests" */ = {
			isa = XCConfigurationList;
			buildConfigurations = (
				6BD625DB2EE5CB59007D57E5 /* Debug */,
				6BD625DC2EE5CB59007D57E5 /* Release */,
			);
			defaultConfigurationIsVisible = 0;
			defaultConfigurationName = Release;
		};
		6BD625DD2EE5CB59007D57E5 /* Build configuration list for PBXNativeTarget "ConcurrencyPokedexUITests" */ = {
			isa = XCConfigurationList;
			buildConfigurations = (
				6BD625DE2EE5CB59007D57E5 /* Debug */,
				6BD625DF2EE5CB59007D57E5 /* Release */,
			);
			defaultConfigurationIsVisible = 0;
			defaultConfigurationName = Release;
		};
/* End XCConfigurationList section */

/* Begin XCRemoteSwiftPackageReference section */
		6B973F9C2EFF65FD00074F87 /* XCRemoteSwiftPackageReference "swift-snapshot-testing" */ = {
			isa = XCRemoteSwiftPackageReference;
			repositoryURL = "https://github.com/pointfreeco/swift-snapshot-testing";
			requirement = {
				kind = upToNextMinorVersion;
				minimumVersion = 1.18.7;
			};
		};
/* End XCRemoteSwiftPackageReference section */

/* Begin XCSwiftPackageProductDependency section */
		6B973F9D2EFF65FD00074F87 /* SnapshotTesting */ = {
			isa = XCSwiftPackageProductDependency;
			package = 6B973F9C2EFF65FD00074F87 /* XCRemoteSwiftPackageReference "swift-snapshot-testing" */;
			productName = SnapshotTesting;
		};
/* End XCSwiftPackageProductDependency section */

/* Begin XCVersionGroup section */
		6B1128032F0321A700E21FC7 /* PokemonModel.xcdatamodeld */ = {
			isa = XCVersionGroup;
			children = (
				6B1128042F0321A700E21FC7 /* PokemonModel.xcdatamodel */,
			);
			currentVersion = 6B1128042F0321A700E21FC7 /* PokemonModel.xcdatamodel */;
			name = PokemonModel.xcdatamodeld;
			path = /Users/joaorouxinol/Documents/Projects/SwiftUIPokedex/ConcurrencyPokedex/ConcurrencyPokedex/CoreData/PokemonModel.xcdatamodeld;
			sourceTree = "<group>";
			versionGroupType = wrapper.xcdatamodel;
		};
/* End XCVersionGroup section */
	};
	rootObject = 6BD625AB2EE5CB58007D57E5 /* Project object */;
}
